# This file is automatically @generated by Cargo.
# It is not intended for manual editing.
version = 3

[[package]]
name = "hound"
version = "3.5.1"
source = "registry+https://github.com/rust-lang/crates.io-index"
checksum = "62adaabb884c94955b19907d60019f4e145d091c75345379e70d1ee696f7854f"

[[package]]
name = "midi2audio"
version = "0.1.0"
dependencies = [
 "hound",
 "rustysynth",
]

[[package]]
name = "rustysynth"
version = "1.3.1"
source = "registry+https://github.com/rust-lang/crates.io-index"
checksum = "a2316fb90175e4f747331f29c9275aaddf2868b355472e94a3b82ad235a719b5"
